// !$*UTF8*$!
{
	archiveVersion = 1;
	classes = {
	};
	objectVersion = 46;
	objects = {

/* Begin PBXBuildFile section */
		4366CD5B1962A91D00720B29 /* Foundation.framework in Frameworks */ = {isa = PBXBuildFile; fileRef = 4366CD5A1962A91D00720B29 /* Foundation.framework */; };
		4366CD5D1962A91D00720B29 /* CoreGraphics.framework in Frameworks */ = {isa = PBXBuildFile; fileRef = 4366CD5C1962A91D00720B29 /* CoreGraphics.framework */; };
		4366CD5F1962A91D00720B29 /* UIKit.framework in Frameworks */ = {isa = PBXBuildFile; fileRef = 4366CD5E1962A91D00720B29 /* UIKit.framework */; };
		4366CD651962A91D00720B29 /* InfoPlist.strings in Resources */ = {isa = PBXBuildFile; fileRef = 4366CD631962A91D00720B29 /* InfoPlist.strings */; };
		4366CD671962A91D00720B29 /* main.m in Sources */ = {isa = PBXBuildFile; fileRef = 4366CD661962A91D00720B29 /* main.m */; };
		4366CD6B1962A91D00720B29 /* TJAppDelegate.m in Sources */ = {isa = PBXBuildFile; fileRef = 4366CD6A1962A91D00720B29 /* TJAppDelegate.m */; };
		4366CD6E1962A91D00720B29 /* Main.storyboard in Resources */ = {isa = PBXBuildFile; fileRef = 4366CD6C1962A91D00720B29 /* Main.storyboard */; };
		4366CD711962A91D00720B29 /* TJViewController.m in Sources */ = {isa = PBXBuildFile; fileRef = 4366CD701962A91D00720B29 /* TJViewController.m */; };
		4366CD731962A91D00720B29 /* Images.xcassets in Resources */ = {isa = PBXBuildFile; fileRef = 4366CD721962A91D00720B29 /* Images.xcassets */; };
		4366CD7A1962A91D00720B29 /* XCTest.framework in Frameworks */ = {isa = PBXBuildFile; fileRef = 4366CD791962A91D00720B29 /* XCTest.framework */; };
		4366CD7B1962A91D00720B29 /* Foundation.framework in Frameworks */ = {isa = PBXBuildFile; fileRef = 4366CD5A1962A91D00720B29 /* Foundation.framework */; };
		4366CD7C1962A91D00720B29 /* UIKit.framework in Frameworks */ = {isa = PBXBuildFile; fileRef = 4366CD5E1962A91D00720B29 /* UIKit.framework */; };
		4366CD841962A91D00720B29 /* InfoPlist.strings in Resources */ = {isa = PBXBuildFile; fileRef = 4366CD821962A91D00720B29 /* InfoPlist.strings */; };
		4366CD861962A91D00720B29 /* TJIconColorCheckerTests.m in Sources */ = {isa = PBXBuildFile; fileRef = 4366CD851962A91D00720B29 /* TJIconColorCheckerTests.m */; };
/* End PBXBuildFile section */

/* Begin PBXContainerItemProxy section */
		4366CD7D1962A91D00720B29 /* PBXContainerItemProxy */ = {
			isa = PBXContainerItemProxy;
			containerPortal = 4366CD4F1962A91D00720B29 /* Project object */;
			proxyType = 1;
			remoteGlobalIDString = 4366CD561962A91D00720B29;
			remoteInfo = TJIconColorChecker;
		};
/* End PBXContainerItemProxy section */

/* Begin PBXFileReference section */
		4366CD571962A91D00720B29 /* TJIconColorChecker.app */ = {isa = PBXFileReference; explicitFileType = wrapper.application; includeInIndex = 0; path = TJIconColorChecker.app; sourceTree = BUILT_PRODUCTS_DIR; };
		4366CD5A1962A91D00720B29 /* Foundation.framework */ = {isa = PBXFileReference; lastKnownFileType = wrapper.framework; name = Foundation.framework; path = System/Library/Frameworks/Foundation.framework; sourceTree = SDKROOT; };
		4366CD5C1962A91D00720B29 /* CoreGraphics.framework */ = {isa = PBXFileReference; lastKnownFileType = wrapper.framework; name = CoreGraphics.framework; path = System/Library/Frameworks/CoreGraphics.framework; sourceTree = SDKROOT; };
		4366CD5E1962A91D00720B29 /* UIKit.framework */ = {isa = PBXFileReference; lastKnownFileType = wrapper.framework; name = UIKit.framework; path = System/Library/Frameworks/UIKit.framework; sourceTree = SDKROOT; };
		4366CD621962A91D00720B29 /* TJIconColorChecker-Info.plist */ = {isa = PBXFileReference; lastKnownFileType = text.plist.xml; path = "TJIconColorChecker-Info.plist"; sourceTree = "<group>"; };
		4366CD641962A91D00720B29 /* en */ = {isa = PBXFileReference; lastKnownFileType = text.plist.strings; name = en; path = en.lproj/InfoPlist.strings; sourceTree = "<group>"; };
		4366CD661962A91D00720B29 /* main.m */ = {isa = PBXFileReference; lastKnownFileType = sourcecode.c.objc; path = main.m; sourceTree = "<group>"; };
		4366CD681962A91D00720B29 /* TJIconColorChecker-Prefix.pch */ = {isa = PBXFileReference; lastKnownFileType = sourcecode.c.h; path = "TJIconColorChecker-Prefix.pch"; sourceTree = "<group>"; };
		4366CD691962A91D00720B29 /* TJAppDelegate.h */ = {isa = PBXFileReference; lastKnownFileType = sourcecode.c.h; path = TJAppDelegate.h; sourceTree = "<group>"; };
		4366CD6A1962A91D00720B29 /* TJAppDelegate.m */ = {isa = PBXFileReference; lastKnownFileType = sourcecode.c.objc; path = TJAppDelegate.m; sourceTree = "<group>"; };
		4366CD6D1962A91D00720B29 /* Base */ = {isa = PBXFileReference; lastKnownFileType = file.storyboard; name = Base; path = Base.lproj/Main.storyboard; sourceTree = "<group>"; };
		4366CD6F1962A91D00720B29 /* TJViewController.h */ = {isa = PBXFileReference; lastKnownFileType = sourcecode.c.h; path = TJViewController.h; sourceTree = "<group>"; };
		4366CD701962A91D00720B29 /* TJViewController.m */ = {isa = PBXFileReference; lastKnownFileType = sourcecode.c.objc; path = TJViewController.m; sourceTree = "<group>"; };
		4366CD721962A91D00720B29 /* Images.xcassets */ = {isa = PBXFileReference; lastKnownFileType = folder.assetcatalog; path = Images.xcassets; sourceTree = "<group>"; };
		4366CD781962A91D00720B29 /* TJIconColorCheckerTests.xctest */ = {isa = PBXFileReference; explicitFileType = wrapper.cfbundle; includeInIndex = 0; path = TJIconColorCheckerTests.xctest; sourceTree = BUILT_PRODUCTS_DIR; };
		4366CD791962A91D00720B29 /* XCTest.framework */ = {isa = PBXFileReference; lastKnownFileType = wrapper.framework; name = XCTest.framework; path = Library/Frameworks/XCTest.framework; sourceTree = DEVELOPER_DIR; };
		4366CD811962A91D00720B29 /* TJIconColorCheckerTests-Info.plist */ = {isa = PBXFileReference; lastKnownFileType = text.plist.xml; path = "TJIconColorCheckerTests-Info.plist"; sourceTree = "<group>"; };
		4366CD831962A91D00720B29 /* en */ = {isa = PBXFileReference; lastKnownFileType = text.plist.strings; name = en; path = en.lproj/InfoPlist.strings; sourceTree = "<group>"; };
		4366CD851962A91D00720B29 /* TJIconColorCheckerTests.m */ = {isa = PBXFileReference; lastKnownFileType = sourcecode.c.objc; path = TJIconColorCheckerTests.m; sourceTree = "<group>"; };
/* End PBXFileReference section */

/* Begin PBXFrameworksBuildPhase section */
		4366CD541962A91D00720B29 /* Frameworks */ = {
			isa = PBXFrameworksBuildPhase;
			buildActionMask = 2147483647;
			files = (
				4366CD5D1962A91D00720B29 /* CoreGraphics.framework in Frameworks */,
				4366CD5F1962A91D00720B29 /* UIKit.framework in Frameworks */,
				4366CD5B1962A91D00720B29 /* Foundation.framework in Frameworks */,
			);
			runOnlyForDeploymentPostprocessing = 0;
		};
		4366CD751962A91D00720B29 /* Frameworks */ = {
			isa = PBXFrameworksBuildPhase;
			buildActionMask = 2147483647;
			files = (
				4366CD7A1962A91D00720B29 /* XCTest.framework in Frameworks */,
				4366CD7C1962A91D00720B29 /* UIKit.framework in Frameworks */,
				4366CD7B1962A91D00720B29 /* Foundation.framework in Frameworks */,
			);
			runOnlyForDeploymentPostprocessing = 0;
		};
/* End PBXFrameworksBuildPhase section */

/* Begin PBXGroup section */
		4366CD4E1962A91D00720B29 = {
			isa = PBXGroup;
			children = (
				4366CD601962A91D00720B29 /* TJIconColorChecker */,
				4366CD7F1962A91D00720B29 /* TJIconColorCheckerTests */,
				4366CD591962A91D00720B29 /* Frameworks */,
				4366CD581962A91D00720B29 /* Products */,
			);
			sourceTree = "<group>";
		};
		4366CD581962A91D00720B29 /* Products */ = {
			isa = PBXGroup;
			children = (
				4366CD571962A91D00720B29 /* TJIconColorChecker.app */,
				4366CD781962A91D00720B29 /* TJIconColorCheckerTests.xctest */,
			);
			name = Products;
			sourceTree = "<group>";
		};
		4366CD591962A91D00720B29 /* Frameworks */ = {
			isa = PBXGroup;
			children = (
				4366CD5A1962A91D00720B29 /* Foundation.framework */,
				4366CD5C1962A91D00720B29 /* CoreGraphics.framework */,
				4366CD5E1962A91D00720B29 /* UIKit.framework */,
				4366CD791962A91D00720B29 /* XCTest.framework */,
			);
			name = Frameworks;
			sourceTree = "<group>";
		};
		4366CD601962A91D00720B29 /* TJIconColorChecker */ = {
			isa = PBXGroup;
			children = (
				4366CD691962A91D00720B29 /* TJAppDelegate.h */,
				4366CD6A1962A91D00720B29 /* TJAppDelegate.m */,
				4366CD6C1962A91D00720B29 /* Main.storyboard */,
				4366CD6F1962A91D00720B29 /* TJViewController.h */,
				4366CD701962A91D00720B29 /* TJViewController.m */,
				4366CD721962A91D00720B29 /* Images.xcassets */,
				4366CD611962A91D00720B29 /* Supporting Files */,
			);
			path = TJIconColorChecker;
			sourceTree = "<group>";
		};
		4366CD611962A91D00720B29 /* Supporting Files */ = {
			isa = PBXGroup;
			children = (
				4366CD621962A91D00720B29 /* TJIconColorChecker-Info.plist */,
				4366CD631962A91D00720B29 /* InfoPlist.strings */,
				4366CD661962A91D00720B29 /* main.m */,
				4366CD681962A91D00720B29 /* TJIconColorChecker-Prefix.pch */,
			);
			name = "Supporting Files";
			sourceTree = "<group>";
		};
		4366CD7F1962A91D00720B29 /* TJIconColorCheckerTests */ = {
			isa = PBXGroup;
			children = (
				4366CD851962A91D00720B29 /* TJIconColorCheckerTests.m */,
				4366CD801962A91D00720B29 /* Supporting Files */,
			);
			path = TJIconColorCheckerTests;
			sourceTree = "<group>";
		};
		4366CD801962A91D00720B29 /* Supporting Files */ = {
			isa = PBXGroup;
			children = (
				4366CD811962A91D00720B29 /* TJIconColorCheckerTests-Info.plist */,
				4366CD821962A91D00720B29 /* InfoPlist.strings */,
			);
			name = "Supporting Files";
			sourceTree = "<group>";
		};
/* End PBXGroup section */

/* Begin PBXNativeTarget section */
		4366CD561962A91D00720B29 /* TJIconColorChecker */ = {
			isa = PBXNativeTarget;
			buildConfigurationList = 4366CD891962A91D00720B29 /* Build configuration list for PBXNativeTarget "TJIconColorChecker" */;
			buildPhases = (
				4366CD531962A91D00720B29 /* Sources */,
				4366CD541962A91D00720B29 /* Frameworks */,
				4366CD551962A91D00720B29 /* Resources */,
			);
			buildRules = (
			);
			dependencies = (
			);
			name = TJIconColorChecker;
			productName = TJIconColorChecker;
			productReference = 4366CD571962A91D00720B29 /* TJIconColorChecker.app */;
			productType = "com.apple.product-type.application";
		};
		4366CD771962A91D00720B29 /* TJIconColorCheckerTests */ = {
			isa = PBXNativeTarget;
			buildConfigurationList = 4366CD8C1962A91D00720B29 /* Build configuration list for PBXNativeTarget "TJIconColorCheckerTests" */;
			buildPhases = (
				4366CD741962A91D00720B29 /* Sources */,
				4366CD751962A91D00720B29 /* Frameworks */,
				4366CD761962A91D00720B29 /* Resources */,
			);
			buildRules = (
			);
			dependencies = (
				4366CD7E1962A91D00720B29 /* PBXTargetDependency */,
			);
			name = TJIconColorCheckerTests;
			productName = TJIconColorCheckerTests;
			productReference = 4366CD781962A91D00720B29 /* TJIconColorCheckerTests.xctest */;
			productType = "com.apple.product-type.bundle.unit-test";
		};
/* End PBXNativeTarget section */

/* Begin PBXProject section */
		4366CD4F1962A91D00720B29 /* Project object */ = {
			isa = PBXProject;
			attributes = {
				CLASSPREFIX = TJ;
				LastUpgradeCheck = 0510;
				ORGANIZATIONNAME = TJ;
				TargetAttributes = {
					4366CD771962A91D00720B29 = {
						TestTargetID = 4366CD561962A91D00720B29;
					};
				};
			};
			buildConfigurationList = 4366CD521962A91D00720B29 /* Build configuration list for PBXProject "TJIconColorChecker" */;
			compatibilityVersion = "Xcode 3.2";
			developmentRegion = English;
			hasScannedForEncodings = 0;
			knownRegions = (
				en,
				Base,
			);
			mainGroup = 4366CD4E1962A91D00720B29;
			productRefGroup = 4366CD581962A91D00720B29 /* Products */;
			projectDirPath = "";
			projectRoot = "";
			targets = (
				4366CD561962A91D00720B29 /* TJIconColorChecker */,
				4366CD771962A91D00720B29 /* TJIconColorCheckerTests */,
			);
		};
/* End PBXProject section */

/* Begin PBXResourcesBuildPhase section */
		4366CD551962A91D00720B29 /* Resources */ = {
			isa = PBXResourcesBuildPhase;
			buildActionMask = 2147483647;
			files = (
				4366CD731962A91D00720B29 /* Images.xcassets in Resources */,
				4366CD651962A91D00720B29 /* InfoPlist.strings in Resources */,
				4366CD6E1962A91D00720B29 /* Main.storyboard in Resources */,
			);
			runOnlyForDeploymentPostprocessing = 0;
		};
		4366CD761962A91D00720B29 /* Resources */ = {
			isa = PBXResourcesBuildPhase;
			buildActionMask = 2147483647;
			files = (
				4366CD841962A91D00720B29 /* InfoPlist.strings in Resources */,
			);
			runOnlyForDeploymentPostprocessing = 0;
		};
/* End PBXResourcesBuildPhase section */

/* Begin PBXSourcesBuildPhase section */
		4366CD531962A91D00720B29 /* Sources */ = {
			isa = PBXSourcesBuildPhase;
			buildActionMask = 2147483647;
			files = (
				4366CD711962A91D00720B29 /* TJViewController.m in Sources */,
				4366CD6B1962A91D00720B29 /* TJAppDelegate.m in Sources */,
				4366CD671962A91D00720B29 /* main.m in Sources */,
			);
			runOnlyForDeploymentPostprocessing = 0;
		};
		4366CD741962A91D00720B29 /* Sources */ = {
			isa = PBXSourcesBuildPhase;
			buildActionMask = 2147483647;
			files = (
				4366CD861962A91D00720B29 /* TJIconColorCheckerTests.m in Sources */,
			);
			runOnlyForDeploymentPostprocessing = 0;
		};
/* End PBXSourcesBuildPhase section */

/* Begin PBXTargetDependency section */
		4366CD7E1962A91D00720B29 /* PBXTargetDependency */ = {
			isa = PBXTargetDependency;
			target = 4366CD561962A91D00720B29 /* TJIconColorChecker */;
			targetProxy = 4366CD7D1962A91D00720B29 /* PBXContainerItemProxy */;
		};
/* End PBXTargetDependency section */

/* Begin PBXVariantGroup section */
		4366CD631962A91D00720B29 /* InfoPlist.strings */ = {
			isa = PBXVariantGroup;
			children = (
				4366CD641962A91D00720B29 /* en */,
			);
			name = InfoPlist.strings;
			sourceTree = "<group>";
		};
		4366CD6C1962A91D00720B29 /* Main.storyboard */ = {
			isa = PBXVariantGroup;
			children = (
				4366CD6D1962A91D00720B29 /* Base */,
			);
			name = Main.storyboard;
			sourceTree = "<group>";
		};
		4366CD821962A91D00720B29 /* InfoPlist.strings */ = {
			isa = PBXVariantGroup;
			children = (
				4366CD831962A91D00720B29 /* en */,
			);
			name = InfoPlist.strings;
			sourceTree = "<group>";
		};
/* End PBXVariantGroup section */

/* Begin XCBuildConfiguration section */
		4366CD871962A91D00720B29 /* Debug */ = {
			isa = XCBuildConfiguration;
			buildSettings = {
				ALWAYS_SEARCH_USER_PATHS = NO;
				CLANG_CXX_LANGUAGE_STANDARD = "gnu++0x";
				CLANG_CXX_LIBRARY = "libc++";
				CLANG_ENABLE_MODULES = YES;
				CLANG_ENABLE_OBJC_ARC = YES;
				CLANG_WARN_BOOL_CONVERSION = YES;
				CLANG_WARN_CONSTANT_CONVERSION = YES;
				CLANG_WARN_DIRECT_OBJC_ISA_USAGE = YES_ERROR;
				CLANG_WARN_EMPTY_BODY = YES;
				CLANG_WARN_ENUM_CONVERSION = YES;
				CLANG_WARN_INT_CONVERSION = YES;
				CLANG_WARN_OBJC_ROOT_CLASS = YES_ERROR;
				CLANG_WARN__DUPLICATE_METHOD_MATCH = YES;
				"CODE_SIGN_IDENTITY[sdk=iphoneos*]" = "iPhone Developer";
				COPY_PHASE_STRIP = NO;
				GCC_C_LANGUAGE_STANDARD = gnu99;
				GCC_DYNAMIC_NO_PIC = NO;
				GCC_OPTIMIZATION_LEVEL = 0;
				GCC_PREPROCESSOR_DEFINITIONS = (
					"DEBUG=1",
					"$(inherited)",
				);
				GCC_SYMBOLS_PRIVATE_EXTERN = NO;
				GCC_WARN_64_TO_32_BIT_CONVERSION = YES;
				GCC_WARN_ABOUT_RETURN_TYPE = YES_ERROR;
				GCC_WARN_UNDECLARED_SELECTOR = YES;
				GCC_WARN_UNINITIALIZED_AUTOS = YES_AGGRESSIVE;
				GCC_WARN_UNUSED_FUNCTION = YES;
				GCC_WARN_UNUSED_VARIABLE = YES;
				IPHONEOS_DEPLOYMENT_TARGET = 7.1;
				ONLY_ACTIVE_ARCH = YES;
				SDKROOT = iphoneos;
			};
			name = Debug;
		};
		4366CD881962A91D00720B29 /* Release */ = {
			isa = XCBuildConfiguration;
			buildSettings = {
				ALWAYS_SEARCH_USER_PATHS = NO;
				CLANG_CXX_LANGUAGE_STANDARD = "gnu++0x";
				CLANG_CXX_LIBRARY = "libc++";
				CLANG_ENABLE_MODULES = YES;
				CLANG_ENABLE_OBJC_ARC = YES;
				CLANG_WARN_BOOL_CONVERSION = YES;
				CLANG_WARN_CONSTANT_CONVERSION = YES;
				CLANG_WARN_DIRECT_OBJC_ISA_USAGE = YES_ERROR;
				CLANG_WARN_EMPTY_BODY = YES;
				CLANG_WARN_ENUM_CONVERSION = YES;
				CLANG_WARN_INT_CONVERSION = YES;
				CLANG_WARN_OBJC_ROOT_CLASS = YES_ERROR;
				CLANG_WARN__DUPLICATE_METHOD_MATCH = YES;
				"CODE_SIGN_IDENTITY[sdk=iphoneos*]" = "iPhone Developer";
				COPY_PHASE_STRIP = YES;
				ENABLE_NS_ASSERTIONS = NO;
				GCC_C_LANGUAGE_STANDARD = gnu99;
				GCC_WARN_64_TO_32_BIT_CONVERSION = YES;
				GCC_WARN_ABOUT_RETURN_TYPE = YES_ERROR;
				GCC_WARN_UNDECLARED_SELECTOR = YES;
				GCC_WARN_UNINITIALIZED_AUTOS = YES_AGGRESSIVE;
				GCC_WARN_UNUSED_FUNCTION = YES;
				GCC_WARN_UNUSED_VARIABLE = YES;
				IPHONEOS_DEPLOYMENT_TARGET = 7.1;
				SDKROOT = iphoneos;
				VALIDATE_PRODUCT = YES;
			};
			name = Release;
		};
		4366CD8A1962A91D00720B29 /* Debug */ = {
			isa = XCBuildConfiguration;
			buildSettings = {
				ASSETCATALOG_COMPILER_APPICON_NAME = AppIcon;
				ASSETCATALOG_COMPILER_LAUNCHIMAGE_NAME = LaunchImage;
				GCC_PRECOMPILE_PREFIX_HEADER = YES;
				GCC_PREFIX_HEADER = "TJIconColorChecker/TJIconColorChecker-Prefix.pch";
				INFOPLIST_FILE = "TJIconColorChecker/TJIconColorChecker-Info.plist";
				PRODUCT_NAME = "$(TARGET_NAME)";
				WRAPPER_EXTENSION = app;
			};
			name = Debug;
		};
		4366CD8B1962A91D00720B29 /* Release */ = {
			isa = XCBuildConfiguration;
			buildSettings = {
				ASSETCATALOG_COMPILER_APPICON_NAME = AppIcon;
				ASSETCATALOG_COMPILER_LAUNCHIMAGE_NAME = LaunchImage;
				GCC_PRECOMPILE_PREFIX_HEADER = YES;
				GCC_PREFIX_HEADER = "TJIconColorChecker/TJIconColorChecker-Prefix.pch";
				INFOPLIST_FILE = "TJIconColorChecker/TJIconColorChecker-Info.plist";
				PRODUCT_NAME = "$(TARGET_NAME)";
				WRAPPER_EXTENSION = app;
			};
			name = Release;
		};
		4366CD8D1962A91D00720B29 /* Debug */ = {
			isa = XCBuildConfiguration;
			buildSettings = {
				BUNDLE_LOADER = "$(BUILT_PRODUCTS_DIR)/TJIconColorChecker.app/TJIconColorChecker";
				FRAMEWORK_SEARCH_PATHS = (
					"$(SDKROOT)/Developer/Library/Frameworks",
					"$(inherited)",
					"$(DEVELOPER_FRAMEWORKS_DIR)",
				);
				GCC_PRECOMPILE_PREFIX_HEADER = YES;
				GCC_PREFIX_HEADER = "TJIconColorChecker/TJIconColorChecker-Prefix.pch";
				GCC_PREPROCESSOR_DEFINITIONS = (
					"DEBUG=1",
					"$(inherited)",
				);
				INFOPLIST_FILE = "TJIconColorCheckerTests/TJIconColorCheckerTests-Info.plist";
				PRODUCT_NAME = "$(TARGET_NAME)";
				TEST_HOST = "$(BUNDLE_LOADER)";
				WRAPPER_EXTENSION = xctest;
			};
			name = Debug;
		};
		4366CD8E1962A91D00720B29 /* Release */ = {
			isa = XCBuildConfiguration;
			buildSettings = {
				BUNDLE_LOADER = "$(BUILT_PRODUCTS_DIR)/TJIconColorChecker.app/TJIconColorChecker";
				FRAMEWORK_SEARCH_PATHS = (
					"$(SDKROOT)/Developer/Library/Frameworks",
					"$(inherited)",
					"$(DEVELOPER_FRAMEWORKS_DIR)",
				);
				GCC_PRECOMPILE_PREFIX_HEADER = YES;
				GCC_PREFIX_HEADER = "TJIconColorChecker/TJIconColorChecker-Prefix.pch";
				INFOPLIST_FILE = "TJIconColorCheckerTests/TJIconColorCheckerTests-Info.plist";
				PRODUCT_NAME = "$(TARGET_NAME)";
				TEST_HOST = "$(BUNDLE_LOADER)";
				WRAPPER_EXTENSION = xctest;
			};
			name = Release;
		};
/* End XCBuildConfiguration section */

/* Begin XCConfigurationList section */
		4366CD521962A91D00720B29 /* Build configuration list for PBXProject "TJIconColorChecker" */ = {
			isa = XCConfigurationList;
			buildConfigurations = (
				4366CD871962A91D00720B29 /* Debug */,
				4366CD881962A91D00720B29 /* Release */,
			);
			defaultConfigurationIsVisible = 0;
			defaultConfigurationName = Release;
		};
		4366CD891962A91D00720B29 /* Build configuration list for PBXNativeTarget "TJIconColorChecker" */ = {
			isa = XCConfigurationList;
			buildConfigurations = (
				4366CD8A1962A91D00720B29 /* Debug */,
				4366CD8B1962A91D00720B29 /* Release */,
			);
			defaultConfigurationIsVisible = 0;
			defaultConfigurationName = Release;
		};
		4366CD8C1962A91D00720B29 /* Build configuration list for PBXNativeTarget "TJIconColorCheckerTests" */ = {
			isa = XCConfigurationList;
			buildConfigurations = (
				4366CD8D1962A91D00720B29 /* Debug */,
				4366CD8E1962A91D00720B29 /* Release */,
			);
			defaultConfigurationIsVisible = 0;
			defaultConfigurationName = Release;
		};
/* End XCConfigurationList section */
	};
	rootObject = 4366CD4F1962A91D00720B29 /* Project object */;
}
